
Microsoft Visual Studio Solution File, Format Version 12.00
# Visual Studio Version 17
VisualStudioVersion = 17.0.32014.148
MinimumVisualStudioVersion = 10.0.40219.1
Project("{FAE04EC0-301F-11D3-BF4B-00C04F79EFBC}") = "1", "1\1.csproj", "{CAE7D8F9-DD85-4164-8860-56D714404113}"
EndProject
Global
	GlobalSection(SolutionConfigurationPlatforms) = preSolution
		Debug|Any CPU = Debug|Any CPU
		Release|Any CPU = Release|Any CPU
	EndGlobalSection
	GlobalSection(ProjectConfigurationPlatforms) = postSolution
		{CAE7D8F9-DD85-4164-8860-56D714404113}.Debug|Any CPU.ActiveCfg = Debug|Any CPU
		{CAE7D8F9-DD85-4164-8860-56D714404113}.Debug|Any CPU.Build.0 = Debug|Any CPU
		{CAE7D8F9-DD85-4164-8860-56D714404113}.Release|Any CPU.ActiveCfg = Release|Any CPU
		{CAE7D8F9-DD85-4164-8860-56D714404113}.Release|Any CPU.Build.0 = Release|Any CPU
	EndGlobalSection
	GlobalSection(SolutionProperties) = preSolution
		HideSolutionNode = FALSE
	EndGlobalSection
	GlobalSection(ExtensibilityGlobals) = postSolution
		SolutionGuid = {0AF209E5-AF60-4309-BA6A-13256B74AF49}
	EndGlobalSection
EndGlobal
