
Microsoft Visual Studio Solution File, Format Version 12.00
# Visual Studio Version 17
VisualStudioVersion = 17.0.32002.185
MinimumVisualStudioVersion = 10.0.40219.1
Project("{FAE04EC0-301F-11D3-BF4B-00C04F79EFBC}") = "1008", "1008\1008.csproj", "{63D0CCFE-7260-455A-868C-816368C52003}"
EndProject
Global
	GlobalSection(SolutionConfigurationPlatforms) = preSolution
		Debug|Any CPU = Debug|Any CPU
		Release|Any CPU = Release|Any CPU
	EndGlobalSection
	GlobalSection(ProjectConfigurationPlatforms) = postSolution
		{63D0CCFE-7260-455A-868C-816368C52003}.Debug|Any CPU.ActiveCfg = Debug|Any CPU
		{63D0CCFE-7260-455A-868C-816368C52003}.Debug|Any CPU.Build.0 = Debug|Any CPU
		{63D0CCFE-7260-455A-868C-816368C52003}.Release|Any CPU.ActiveCfg = Release|Any CPU
		{63D0CCFE-7260-455A-868C-816368C52003}.Release|Any CPU.Build.0 = Release|Any CPU
	EndGlobalSection
	GlobalSection(SolutionProperties) = preSolution
		HideSolutionNode = FALSE
	EndGlobalSection
	GlobalSection(ExtensibilityGlobals) = postSolution
		SolutionGuid = {FE8C2612-D636-4644-A203-4C1419277005}
	EndGlobalSection
EndGlobal
