
Microsoft Visual Studio Solution File, Format Version 12.00
# Visual Studio Version 17
VisualStudioVersion = 17.0.32014.148
MinimumVisualStudioVersion = 10.0.40219.1
Project("{FAE04EC0-301F-11D3-BF4B-00C04F79EFBC}") = "1156", "1156\1156.csproj", "{EC889B0F-0587-458A-98AA-ED289640718E}"
EndProject
Global
	GlobalSection(SolutionConfigurationPlatforms) = preSolution
		Debug|Any CPU = Debug|Any CPU
		Release|Any CPU = Release|Any CPU
	EndGlobalSection
	GlobalSection(ProjectConfigurationPlatforms) = postSolution
		{EC889B0F-0587-458A-98AA-ED289640718E}.Debug|Any CPU.ActiveCfg = Debug|Any CPU
		{EC889B0F-0587-458A-98AA-ED289640718E}.Debug|Any CPU.Build.0 = Debug|Any CPU
		{EC889B0F-0587-458A-98AA-ED289640718E}.Release|Any CPU.ActiveCfg = Release|Any CPU
		{EC889B0F-0587-458A-98AA-ED289640718E}.Release|Any CPU.Build.0 = Release|Any CPU
	EndGlobalSection
	GlobalSection(SolutionProperties) = preSolution
		HideSolutionNode = FALSE
	EndGlobalSection
	GlobalSection(ExtensibilityGlobals) = postSolution
		SolutionGuid = {8F2AEC81-6F6F-4855-9452-D6C0C01DAF0C}
	EndGlobalSection
EndGlobal
