
Microsoft Visual Studio Solution File, Format Version 12.00
# Visual Studio Version 17
VisualStudioVersion = 17.0.32002.185
MinimumVisualStudioVersion = 10.0.40219.1
Project("{FAE04EC0-301F-11D3-BF4B-00C04F79EFBC}") = "1014", "1014\1014.csproj", "{068AE26F-1E7F-42C4-8CFE-02B9E47BC768}"
EndProject
Global
	GlobalSection(SolutionConfigurationPlatforms) = preSolution
		Debug|Any CPU = Debug|Any CPU
		Release|Any CPU = Release|Any CPU
	EndGlobalSection
	GlobalSection(ProjectConfigurationPlatforms) = postSolution
		{068AE26F-1E7F-42C4-8CFE-02B9E47BC768}.Debug|Any CPU.ActiveCfg = Debug|Any CPU
		{068AE26F-1E7F-42C4-8CFE-02B9E47BC768}.Debug|Any CPU.Build.0 = Debug|Any CPU
		{068AE26F-1E7F-42C4-8CFE-02B9E47BC768}.Release|Any CPU.ActiveCfg = Release|Any CPU
		{068AE26F-1E7F-42C4-8CFE-02B9E47BC768}.Release|Any CPU.Build.0 = Release|Any CPU
	EndGlobalSection
	GlobalSection(SolutionProperties) = preSolution
		HideSolutionNode = FALSE
	EndGlobalSection
	GlobalSection(ExtensibilityGlobals) = postSolution
		SolutionGuid = {98066DF2-E0B3-46AF-99C5-214F0201C330}
	EndGlobalSection
EndGlobal
