
Microsoft Visual Studio Solution File, Format Version 12.00
# Visual Studio Version 17
VisualStudioVersion = 17.0.32002.185
MinimumVisualStudioVersion = 10.0.40219.1
Project("{FAE04EC0-301F-11D3-BF4B-00C04F79EFBC}") = "1002", "1002\1002.csproj", "{B1C8CA3E-2050-4930-9CDB-6D0EAD0A29E2}"
EndProject
Global
	GlobalSection(SolutionConfigurationPlatforms) = preSolution
		Debug|Any CPU = Debug|Any CPU
		Release|Any CPU = Release|Any CPU
	EndGlobalSection
	GlobalSection(ProjectConfigurationPlatforms) = postSolution
		{B1C8CA3E-2050-4930-9CDB-6D0EAD0A29E2}.Debug|Any CPU.ActiveCfg = Debug|Any CPU
		{B1C8CA3E-2050-4930-9CDB-6D0EAD0A29E2}.Debug|Any CPU.Build.0 = Debug|Any CPU
		{B1C8CA3E-2050-4930-9CDB-6D0EAD0A29E2}.Release|Any CPU.ActiveCfg = Release|Any CPU
		{B1C8CA3E-2050-4930-9CDB-6D0EAD0A29E2}.Release|Any CPU.Build.0 = Release|Any CPU
	EndGlobalSection
	GlobalSection(SolutionProperties) = preSolution
		HideSolutionNode = FALSE
	EndGlobalSection
	GlobalSection(ExtensibilityGlobals) = postSolution
		SolutionGuid = {B4D8F403-A1A3-402E-B999-1054910B634D}
	EndGlobalSection
EndGlobal
